
Microsoft Visual Studio Solution File, Format Version 12.00
# Visual Studio 15
VisualStudioVersion = 15.0.26228.10
MinimumVisualStudioVersion = 10.0.40219.1
Project("{2150E333-8FDC-42A3-9474-1A3956D46DE8}") = "Solution Items", "Solution Items", "{FF32E94B-9D90-4E56-878B-51D9FA06A326}"
	ProjectSection(SolutionItems) = preProject
		receive.bat = receive.bat
		send.bat = send.bat
	EndProjectSection
EndProject
Project("{9A19103F-16F7-4668-BE54-9A1E7A4F7556}") = "Messages", "..\SimpleSendAndReceive\Messages\Messages.csproj", "{F0D9062F-DA0B-41C6-A5BC-138029A77769}"
EndProject
Project("{FAE04EC0-301F-11D3-BF4B-00C04F79EFBC}") = "Client", "Client\Client.csproj", "{9004F156-7DEB-4AEA-96A5-085CC43933C5}"
EndProject
Project("{FAE04EC0-301F-11D3-BF4B-00C04F79EFBC}") = "Server", "Server\Server.csproj", "{504255B7-D664-46E7-B95D-A6E1D82DE540}"
EndProject
Global
	GlobalSection(SolutionConfigurationPlatforms) = preSolution
		Debug|Any CPU = Debug|Any CPU
		Release|Any CPU = Release|Any CPU
	EndGlobalSection
	GlobalSection(ProjectConfigurationPlatforms) = postSolution
		{F0D9062F-DA0B-41C6-A5BC-138029A77769}.Debug|Any CPU.ActiveCfg = Debug|Any CPU
		{F0D9062F-DA0B-41C6-A5BC-138029A77769}.Debug|Any CPU.Build.0 = Debug|Any CPU
		{F0D9062F-DA0B-41C6-A5BC-138029A77769}.Release|Any CPU.ActiveCfg = Release|Any CPU
		{F0D9062F-DA0B-41C6-A5BC-138029A77769}.Release|Any CPU.Build.0 = Release|Any CPU
		{9004F156-7DEB-4AEA-96A5-085CC43933C5}.Debug|Any CPU.ActiveCfg = Debug|Any CPU
		{9004F156-7DEB-4AEA-96A5-085CC43933C5}.Debug|Any CPU.Build.0 = Debug|Any CPU
		{9004F156-7DEB-4AEA-96A5-085CC43933C5}.Release|Any CPU.ActiveCfg = Release|Any CPU
		{9004F156-7DEB-4AEA-96A5-085CC43933C5}.Release|Any CPU.Build.0 = Release|Any CPU
		{504255B7-D664-46E7-B95D-A6E1D82DE540}.Debug|Any CPU.ActiveCfg = Debug|Any CPU
		{504255B7-D664-46E7-B95D-A6E1D82DE540}.Debug|Any CPU.Build.0 = Debug|Any CPU
		{504255B7-D664-46E7-B95D-A6E1D82DE540}.Release|Any CPU.ActiveCfg = Release|Any CPU
		{504255B7-D664-46E7-B95D-A6E1D82DE540}.Release|Any CPU.Build.0 = Release|Any CPU
	EndGlobalSection
	GlobalSection(SolutionProperties) = preSolution
		HideSolutionNode = FALSE
	EndGlobalSection
EndGlobal
