
Microsoft Visual Studio Solution File, Format Version 12.00
# Visual Studio 15
VisualStudioVersion = 15.0.26228.10
MinimumVisualStudioVersion = 10.0.40219.1
Project("{FAE04EC0-301F-11D3-BF4B-00C04F79EFBC}") = "Messages", "Messages\Messages.csproj", "{7E7D825B-000A-426B-8B60-633998DC9E6D}"
EndProject
Project("{FAE04EC0-301F-11D3-BF4B-00C04F79EFBC}") = "Receiver", "Receiver\Receiver.csproj", "{346F9773-F45F-48C8-AC65-2A7339F3D964}"
EndProject
Project("{FAE04EC0-301F-11D3-BF4B-00C04F79EFBC}") = "Sender", "Sender\Sender.csproj", "{F0CE569F-E41A-4597-B966-AF7661F0E339}"
EndProject
Project("{2150E333-8FDC-42A3-9474-1A3956D46DE8}") = "Solution Items", "Solution Items", "{45F622E3-48EC-4831-9541-069DAB85282C}"
	ProjectSection(SolutionItems) = preProject
		receive.bat = receive.bat
		send.bat = send.bat
	EndProjectSection
EndProject
Global
	GlobalSection(SolutionConfigurationPlatforms) = preSolution
		Debug|Any CPU = Debug|Any CPU
		Release|Any CPU = Release|Any CPU
	EndGlobalSection
	GlobalSection(ProjectConfigurationPlatforms) = postSolution
		{7E7D825B-000A-426B-8B60-633998DC9E6D}.Debug|Any CPU.ActiveCfg = Debug|Any CPU
		{7E7D825B-000A-426B-8B60-633998DC9E6D}.Debug|Any CPU.Build.0 = Debug|Any CPU
		{7E7D825B-000A-426B-8B60-633998DC9E6D}.Release|Any CPU.ActiveCfg = Release|Any CPU
		{7E7D825B-000A-426B-8B60-633998DC9E6D}.Release|Any CPU.Build.0 = Release|Any CPU
		{346F9773-F45F-48C8-AC65-2A7339F3D964}.Debug|Any CPU.ActiveCfg = Debug|Any CPU
		{346F9773-F45F-48C8-AC65-2A7339F3D964}.Debug|Any CPU.Build.0 = Debug|Any CPU
		{346F9773-F45F-48C8-AC65-2A7339F3D964}.Release|Any CPU.ActiveCfg = Release|Any CPU
		{346F9773-F45F-48C8-AC65-2A7339F3D964}.Release|Any CPU.Build.0 = Release|Any CPU
		{F0CE569F-E41A-4597-B966-AF7661F0E339}.Debug|Any CPU.ActiveCfg = Debug|Any CPU
		{F0CE569F-E41A-4597-B966-AF7661F0E339}.Debug|Any CPU.Build.0 = Debug|Any CPU
		{F0CE569F-E41A-4597-B966-AF7661F0E339}.Release|Any CPU.ActiveCfg = Release|Any CPU
		{F0CE569F-E41A-4597-B966-AF7661F0E339}.Release|Any CPU.Build.0 = Release|Any CPU
	EndGlobalSection
	GlobalSection(SolutionProperties) = preSolution
		HideSolutionNode = FALSE
	EndGlobalSection
EndGlobal
